PODS:
  - ChameleonFramework (2.1.0):
    - ChameleonFramework/Default (= 2.1.0)
  - ChameleonFramework/Default (2.1.0)
  - Classy (1.0.0)
  - CocoaLumberjack (3.5.2):
    - CocoaLumberjack/Core (= 3.5.2)
  - CocoaLumberjack/Core (3.5.2)
  - DACircularProgress (2.3.1)
  - DateTools (2.0.0)
  - DZNEmptyDataSet (1.8.1)
  - Fork-MWFeedParser (0.1.3)
  - Fork-MWPhotoBrowser (2.1.4):
    - DACircularProgress (~> 2.3)
    - MBProgressHUD (~> 0.9)
    - SDWebImage (~> 4.4.6)
  - IQKeyboardManager (6.2.0)
  - KissXML (5.2.3)
  - MagicalRecord (2.3.2):
    - MagicalRecord/Core (= 2.3.2)
  - MagicalRecord/Core (2.3.2)
  - Masonry (1.1.0)
  - MBProgressHUD (0.9.2)
  - MGJRouter (0.10.0)
  - MMKV (1.0.18)
  - mvc-base (0.3.4.1):
    - DZNEmptyDataSet
    - MagicalRecord
    - Masonry
    - MGJRouter
    - oc-string
    - ReactiveObjC
    - ui-base
  - oc-base (0.0.4):
    - MagicalRecord
    - MGJRouter
    - ReactiveObjC
    - RegexKitLite
    - YYKit
  - oc-date (0.0.3):
    - DateTools
  - oc-string (0.0.3):
    - RegexKitLite (~> 4.0)
    - YYKit (~> 1.0.9)
  - oc-util (0.0.3):
    - MMKV
  - pop (1.0.12)
  - ReactiveObjC (3.1.0)
  - RegexKitLite (4.0)
  - SDWebImage (4.4.6):
    - SDWebImage/Core (= 4.4.6)
  - SDWebImage/Core (4.4.6)
  - SVProgressHUD (2.2.5)
  - ui-base (0.0.9):
    - ChameleonFramework
    - Classy
    - IQKeyboardManager
    - Masonry
    - oc-string
    - pop
    - SDWebImage
    - SVProgressHUD (~> 2.2.5)
    - YYKit
  - ui-util (0.0.5)
  - YYKit (1.0.9):
    - YYKit/no-arc (= 1.0.9)
  - YYKit/no-arc (1.0.9)

DEPENDENCIES:
  - CocoaLumberjack
  - DateTools
  - Fork-MWFeedParser
  - Fork-MWPhotoBrowser
  - KissXML
  - mvc-base
  - oc-base
  - oc-date
  - oc-string
  - oc-util
  - SDWebImage (~> 4.4.6)
  - ui-base
  - ui-util

SPEC REPOS:
  https://github.com/cocoapods/specs.git:
    - ChameleonFramework
    - Classy
    - CocoaLumberjack
    - DACircularProgress
    - DateTools
    - DZNEmptyDataSet
    - Fork-MWFeedParser
    - Fork-MWPhotoBrowser
    - IQKeyboardManager
    - KissXML
    - MagicalRecord
    - Masonry
    - MBProgressHUD
    - MGJRouter
    - MMKV
    - mvc-base
    - oc-base
    - oc-date
    - oc-string
    - oc-util
    - pop
    - ReactiveObjC
    - RegexKitLite
    - SDWebImage
    - SVProgressHUD
    - ui-base
    - ui-util
    - YYKit

SPEC CHECKSUMS:
  ChameleonFramework: d21a3cc247abfe5e37609a283a8238b03575cf64
  Classy: bbe2436d6872dfeda5eaa2a3c3d705a9c30b1709
  CocoaLumberjack: 118bf4a820efc641f79fa487b75ed928dccfae23
  DACircularProgress: 4dd437c0fc3da5161cb289e07ac449493d41db71
  DateTools: 933ac9c490f21f92127cf690ccd8c397e0126caf
  DZNEmptyDataSet: 9525833b9e68ac21c30253e1d3d7076cc828eaa7
  Fork-MWFeedParser: 24f73d022ce84b43f21ffe66c87370de64cb0cb9
  Fork-MWPhotoBrowser: b4fbd050f833c94b8ec07843df19c380fecbcffb
  IQKeyboardManager: 6194101620b73af5e67900b8f89707a99de0b804
  KissXML: 09f88ff8161fd058d67b70740b8b516687b52823
  MagicalRecord: 53bed74b4323b930992a725be713e53b37d19755
  Masonry: 678fab65091a9290e40e2832a55e7ab731aad201
  MBProgressHUD: 1569cf7ace17a8bac47aabfbb8580a49690386d1
  MGJRouter: 15d94541eb2cc81eff7d577337288feb7ae9575f
  MMKV: 2dc8974641213da7ab069f9e94caa0fba7241f14
  mvc-base: 3ba0cb4ed3d09978b48333e80a04b4aaee8db6c7
  oc-base: b0cc5eeae853acdf1b35d3f954ed8023fa37a74c
  oc-date: d8601fcc9eeea98f9d84506b77ef508cf9057786
  oc-string: 79be9e8e4c80dd3e668690d3ac462e79a713489d
  oc-util: 8e423d4c1da426e4989b4f793468276f89fc0843
  pop: d582054913807fd11fd50bfe6a539d91c7e1a55a
  ReactiveObjC: 2a38ea15335de4119d8b17caf1db1484f61db902
  RegexKitLite: c0e4c12e6e7de0769f3a3ed679f0f61604170661
  SDWebImage: 3f3f0c02f09798048c47a5ed0a13f17b063572d8
  SVProgressHUD: 1428aafac632c1f86f62aa4243ec12008d7a51d6
  ui-base: 0a495697728f7a51af17d5b02959c12820305795
  ui-util: 8f870cfb52b611516279bd0bf362ee2fac34d42d
  YYKit: 7cda43304a8dc3696c449041e2cb3107b4e236e7

PODFILE CHECKSUM: 63f1b7f048205cd47fca0cf9b9c08a8b7f68daa1

COCOAPODS: 1.6.0
