PODS:
  - ChameleonFramework (2.1.0):
    - ChameleonFramework/Default (= 2.1.0)
  - ChameleonFramework/Default (2.1.0)
  - Classy (1.0.0)
  - cocore (1.2.5)
  - coobjc (1.2.0):
    - cocore (~> 1.2.0)
  - DACircularProgress (2.3.1)
  - DateTools (2.0.0)
  - DZNEmptyDataSet (1.8.1)
  - Fork-MWFeedParser (0.1.4)
  - Fork-MWPhotoBrowser (2.1.5.3):
    - DACircularProgress (~> 2.3)
    - MBProgressHUD (~> 0.9)
    - SDWebImage (~> 4.4.6)
  - IQKeyboardManager (6.5.0)
  - KissXML (5.2.3)
  - MagicalRecord (2.3.2):
    - MagicalRecord/Core (= 2.3.2)
  - MagicalRecord/Core (2.3.2)
  - Masonry (1.1.0)
  - MBProgressHUD (0.9.2)
  - MGJRouter (0.10.0)
  - MMKV (1.0.23)
  - mvc-base (0.3.7.4):
    - DZNEmptyDataSet
    - MagicalRecord
    - Masonry
    - MGJRouter
    - oc-string
    - ReactiveObjC
    - ui-base
  - oc-base (0.0.7):
    - MagicalRecord
    - MGJRouter
    - ReactiveObjC
    - RegexKitLite
  - oc-date (0.0.3):
    - DateTools
  - oc-string (0.0.6):
    - RegexKitLite (~> 4.0)
  - oc-util (0.0.3):
    - MMKV
  - pop (1.0.12)
  - ReactiveObjC (3.1.1)
  - RegexKitLite (4.0)
  - SDWebImage (4.4.7):
    - SDWebImage/Core (= 4.4.7)
  - SDWebImage/Core (4.4.7)
  - SVProgressHUD (2.2.5)
  - TYSnapshotScroll (0.0.7)
  - ui-base (0.1.5):
    - ChameleonFramework
    - Classy
    - IQKeyboardManager
    - Masonry
    - oc-string
    - pop
    - SVProgressHUD (~> 2.2.5)
  - ui-util (0.0.5)

DEPENDENCIES:
  - coobjc
  - DateTools
  - Fork-MWFeedParser
  - Fork-MWPhotoBrowser
  - KissXML
  - mvc-base
  - oc-base
  - oc-date
  - oc-string
  - oc-util
  - SDWebImage (~> 4.4.6)
  - TYSnapshotScroll
  - ui-base
  - ui-util

SPEC REPOS:
  https://github.com/cocoapods/specs.git:
    - ChameleonFramework
    - Classy
    - cocore
    - coobjc
    - DACircularProgress
    - DateTools
    - DZNEmptyDataSet
    - Fork-MWFeedParser
    - Fork-MWPhotoBrowser
    - IQKeyboardManager
    - KissXML
    - MagicalRecord
    - Masonry
    - MBProgressHUD
    - MGJRouter
    - MMKV
    - mvc-base
    - oc-base
    - oc-date
    - oc-string
    - oc-util
    - pop
    - ReactiveObjC
    - RegexKitLite
    - SDWebImage
    - SVProgressHUD
    - TYSnapshotScroll
    - ui-base
    - ui-util

SPEC CHECKSUMS:
  ChameleonFramework: d21a3cc247abfe5e37609a283a8238b03575cf64
  Classy: 6111e471761bb6fb11cfc028bbe25c0a03566e69
  cocore: 5099f3ba3f73e32c9c61ad9a388ae59fd4911a5f
  coobjc: 090a460e32e90d0e820e64c31cf7b79dece51a7c
  DACircularProgress: 4dd437c0fc3da5161cb289e07ac449493d41db71
  DateTools: 933ac9c490f21f92127cf690ccd8c397e0126caf
  DZNEmptyDataSet: 9525833b9e68ac21c30253e1d3d7076cc828eaa7
  Fork-MWFeedParser: 8da399e2d69378717e5d6012d9440cba38fcc357
  Fork-MWPhotoBrowser: f063dd0485aa43da18c878fa92e56679b17f2fe6
  IQKeyboardManager: 700e5155d6a292383b54e8678aec769e14fc78fc
  KissXML: 09f88ff8161fd058d67b70740b8b516687b52823
  MagicalRecord: 53bed74b4323b930992a725be713e53b37d19755
  Masonry: 678fab65091a9290e40e2832a55e7ab731aad201
  MBProgressHUD: 1569cf7ace17a8bac47aabfbb8580a49690386d1
  MGJRouter: 15d94541eb2cc81eff7d577337288feb7ae9575f
  MMKV: 031ae51aedc0af1b250922f7ed8a6b6ee2f94c4c
  mvc-base: 7e03fba79ecf5a8c1aeaff0a869d542a8bc3daa0
  oc-base: 4e2ff597b9f24a1e677b52183e0cc3efb48ed93c
  oc-date: d8601fcc9eeea98f9d84506b77ef508cf9057786
  oc-string: 21daf685eb8c767f904eb57f9b6f75422cb44d18
  oc-util: 8e423d4c1da426e4989b4f793468276f89fc0843
  pop: d582054913807fd11fd50bfe6a539d91c7e1a55a
  ReactiveObjC: 011caa393aa0383245f2dcf9bf02e86b80b36040
  RegexKitLite: c0e4c12e6e7de0769f3a3ed679f0f61604170661
  SDWebImage: c10d14a8883ebd89664f02a422006f66a85c0c5d
  SVProgressHUD: 1428aafac632c1f86f62aa4243ec12008d7a51d6
  TYSnapshotScroll: 699a985c9d630f00b62b90bb3ba5ea9ccd03767a
  ui-base: e0a904e9459a043ca6e972f6ea3a430451880264
  ui-util: 8f870cfb52b611516279bd0bf362ee2fac34d42d

PODFILE CHECKSUM: 5a74b85de5c12b43bf4ff2db1cc6675b75f11031

COCOAPODS: 1.7.5
