PODS:
  - ChameleonFramework (2.1.0):
    - ChameleonFramework/Default (= 2.1.0)
  - ChameleonFramework/Default (2.1.0)
  - Classy (1.0.0)
  - cocore (1.2.6)
  - coobjc (1.2.0):
    - cocore (~> 1.2.0)
  - DACircularProgress (2.3.1)
  - DateTools (2.0.0)
  - DZNEmptyDataSet (1.8.1)
  - Fork-MWFeedParser (0.1.4)
  - Fork-MWPhotoBrowser (2.1.5.7):
    - DACircularProgress
    - MBProgressHUD
    - SDWebImage (~> 4.4.6)
  - IQKeyboardManager (6.5.3)
  - KissXML (5.3.1):
    - KissXML/All (= 5.3.1)
  - KissXML/Additions (5.3.1):
    - KissXML/Core
  - KissXML/All (5.3.1):
    - KissXML/Additions
    - KissXML/Core
  - KissXML/Core (5.3.1)
  - MagicalRecord (2.3.2):
    - MagicalRecord/Core (= 2.3.2)
  - MagicalRecord/Core (2.3.2)
  - Masonry (1.1.0)
  - MBProgressHUD (1.1.0)
  - MGJRouter (0.10.0)
  - MMKV (1.0.23)
  - mvc-base (0.3.7.4):
    - DZNEmptyDataSet
    - MagicalRecord
    - Masonry
    - MGJRouter
    - oc-string
    - ReactiveObjC
    - ui-base
  - oc-base (0.0.7):
    - MagicalRecord
    - MGJRouter
    - ReactiveObjC
    - RegexKitLite
  - oc-date (0.0.3):
    - DateTools
  - oc-string (0.0.6):
    - RegexKitLite (~> 4.0)
  - oc-util (0.0.3):
    - MMKV
  - pop (1.0.12)
  - PromiseKit (6.11.0):
    - PromiseKit/CorePromise (= 6.11.0)
    - PromiseKit/Foundation (= 6.11.0)
    - PromiseKit/UIKit (= 6.11.0)
  - PromiseKit/CorePromise (6.11.0)
  - PromiseKit/Foundation (6.11.0):
    - PromiseKit/CorePromise
  - PromiseKit/UIKit (6.11.0):
    - PromiseKit/CorePromise
  - ReactiveObjC (3.1.1)
  - RegexKitLite (4.0)
  - SDWebImage (4.4.7):
    - SDWebImage/Core (= 4.4.7)
  - SDWebImage/Core (4.4.7)
  - SVProgressHUD (2.2.5)
  - TYSnapshotScroll (0.0.7)
  - ui-base (0.1.5):
    - ChameleonFramework
    - Classy
    - IQKeyboardManager
    - Masonry
    - oc-string
    - pop
    - SVProgressHUD (~> 2.2.5)
  - ui-util (0.0.5)

DEPENDENCIES:
  - coobjc
  - DateTools
  - Fork-MWFeedParser
  - Fork-MWPhotoBrowser
  - KissXML
  - Masonry
  - mvc-base
  - oc-base
  - oc-date
  - oc-string
  - oc-util
  - PromiseKit
  - SDWebImage (~> 4.4.6)
  - TYSnapshotScroll
  - ui-base
  - ui-util

SPEC REPOS:
  https://github.com/CocoaPods/Specs.git:
    - ChameleonFramework
    - Classy
    - cocore
    - coobjc
    - DACircularProgress
    - DateTools
    - DZNEmptyDataSet
    - Fork-MWFeedParser
    - Fork-MWPhotoBrowser
    - IQKeyboardManager
    - KissXML
    - MagicalRecord
    - Masonry
    - MBProgressHUD
    - MGJRouter
    - MMKV
    - mvc-base
    - oc-base
    - oc-date
    - oc-string
    - oc-util
    - pop
    - PromiseKit
    - ReactiveObjC
    - RegexKitLite
    - SDWebImage
    - SVProgressHUD
    - TYSnapshotScroll
    - ui-base
    - ui-util

SPEC CHECKSUMS:
  ChameleonFramework: d21a3cc247abfe5e37609a283a8238b03575cf64
  Classy: 6111e471761bb6fb11cfc028bbe25c0a03566e69
  cocore: d6abaa4dd8c15115290362b9accbb42cc2bce9a0
  coobjc: 090a460e32e90d0e820e64c31cf7b79dece51a7c
  DACircularProgress: 4dd437c0fc3da5161cb289e07ac449493d41db71
  DateTools: 933ac9c490f21f92127cf690ccd8c397e0126caf
  DZNEmptyDataSet: 9525833b9e68ac21c30253e1d3d7076cc828eaa7
  Fork-MWFeedParser: 8da399e2d69378717e5d6012d9440cba38fcc357
  Fork-MWPhotoBrowser: 8d320c0c28f64db109cecd2d6c6eb9e0a8cae811
  IQKeyboardManager: c2f901164d56807a35788483584d09fa69192e8e
  KissXML: 5c8e0f2e8b9f071d3e1ae123dec3eb5da615c10c
  MagicalRecord: 53bed74b4323b930992a725be713e53b37d19755
  Masonry: 678fab65091a9290e40e2832a55e7ab731aad201
  MBProgressHUD: e7baa36a220447d8aeb12769bf0585582f3866d9
  MGJRouter: 15d94541eb2cc81eff7d577337288feb7ae9575f
  MMKV: 031ae51aedc0af1b250922f7ed8a6b6ee2f94c4c
  mvc-base: 7e03fba79ecf5a8c1aeaff0a869d542a8bc3daa0
  oc-base: 4e2ff597b9f24a1e677b52183e0cc3efb48ed93c
  oc-date: d8601fcc9eeea98f9d84506b77ef508cf9057786
  oc-string: 21daf685eb8c767f904eb57f9b6f75422cb44d18
  oc-util: 8e423d4c1da426e4989b4f793468276f89fc0843
  pop: d582054913807fd11fd50bfe6a539d91c7e1a55a
  PromiseKit: e4863d06976e7dee5e41c04fc7371c16b3600292
  ReactiveObjC: 011caa393aa0383245f2dcf9bf02e86b80b36040
  RegexKitLite: c0e4c12e6e7de0769f3a3ed679f0f61604170661
  SDWebImage: c10d14a8883ebd89664f02a422006f66a85c0c5d
  SVProgressHUD: 1428aafac632c1f86f62aa4243ec12008d7a51d6
  TYSnapshotScroll: 699a985c9d630f00b62b90bb3ba5ea9ccd03767a
  ui-base: e0a904e9459a043ca6e972f6ea3a430451880264
  ui-util: 8f870cfb52b611516279bd0bf362ee2fac34d42d

PODFILE CHECKSUM: e49cf3565c3602733d7676c348d79b868258170f

COCOAPODS: 1.8.4
